
Microsoft Visual Studio Solution File, Format Version 12.00
# Visual Studio Version 17
VisualStudioVersion = 17.10.35013.160
MinimumVisualStudioVersion = 10.0.40219.1
Project("{9A19103F-16F7-4668-BE54-9A1E7A4F7556}") = "TPLinkRelayApi.Api", "TPLinkRelayApi.Api\TPLinkRelayApi.Api.csproj", "{5132F485-C768-484D-936D-A4792433560F}"
EndProject
Project("{9A19103F-16F7-4668-BE54-9A1E7A4F7556}") = "TPLinkRelayApi.Api.Tests", "TPLinkRelayApi.Api.Tests\TPLinkRelayApi.Api.Tests.csproj", "{3B75DBD4-97E6-4EF1-BC4E-06FADB5A4BBA}"
EndProject
Project("{9A19103F-16F7-4668-BE54-9A1E7A4F7556}") = "TPLinkRelayApi.Services", "TPLinkRelayApi.Services\TPLinkRelayApi.Services.csproj", "{4A578196-DBBE-42C0-B17B-6AA69FB9105C}"
EndProject
Project("{9A19103F-16F7-4668-BE54-9A1E7A4F7556}") = "TPLinkRelayApi.Services.Tests", "TPLinkRelayApi.Services.Tests\TPLinkRelayApi.Services.Tests.csproj", "{232BC0E5-348B-4C48-ACAF-0528812D456E}"
EndProject
Project("{9A19103F-16F7-4668-BE54-9A1E7A4F7556}") = "TPLinkRelayApi.Models", "TPLinkRelayApi.Models\TPLinkRelayApi.Models.csproj", "{951CB77F-0ADB-49DB-8038-D52D6B718039}"
EndProject
Project("{2150E333-8FDC-42A3-9474-1A3956D46DE8}") = "Solution Items", "Solution Items", "{B01E8115-033A-40D7-9125-D4F9D08E0F71}"
	ProjectSection(SolutionItems) = preProject
		build.ps1 = build.ps1
		docker-compose.yml = docker-compose.yml
		traefik.yml = traefik.yml
	EndProjectSection
EndProject
Global
	GlobalSection(SolutionConfigurationPlatforms) = preSolution
		Debug|Any CPU = Debug|Any CPU
		Release|Any CPU = Release|Any CPU
	EndGlobalSection
	GlobalSection(ProjectConfigurationPlatforms) = postSolution
		{5132F485-C768-484D-936D-A4792433560F}.Debug|Any CPU.ActiveCfg = Debug|Any CPU
		{5132F485-C768-484D-936D-A4792433560F}.Debug|Any CPU.Build.0 = Debug|Any CPU
		{5132F485-C768-484D-936D-A4792433560F}.Release|Any CPU.ActiveCfg = Release|Any CPU
		{5132F485-C768-484D-936D-A4792433560F}.Release|Any CPU.Build.0 = Release|Any CPU
		{3B75DBD4-97E6-4EF1-BC4E-06FADB5A4BBA}.Debug|Any CPU.ActiveCfg = Debug|Any CPU
		{3B75DBD4-97E6-4EF1-BC4E-06FADB5A4BBA}.Debug|Any CPU.Build.0 = Debug|Any CPU
		{3B75DBD4-97E6-4EF1-BC4E-06FADB5A4BBA}.Release|Any CPU.ActiveCfg = Release|Any CPU
		{3B75DBD4-97E6-4EF1-BC4E-06FADB5A4BBA}.Release|Any CPU.Build.0 = Release|Any CPU
		{4A578196-DBBE-42C0-B17B-6AA69FB9105C}.Debug|Any CPU.ActiveCfg = Debug|Any CPU
		{4A578196-DBBE-42C0-B17B-6AA69FB9105C}.Debug|Any CPU.Build.0 = Debug|Any CPU
		{4A578196-DBBE-42C0-B17B-6AA69FB9105C}.Release|Any CPU.ActiveCfg = Release|Any CPU
		{4A578196-DBBE-42C0-B17B-6AA69FB9105C}.Release|Any CPU.Build.0 = Release|Any CPU
		{232BC0E5-348B-4C48-ACAF-0528812D456E}.Debug|Any CPU.ActiveCfg = Debug|Any CPU
		{232BC0E5-348B-4C48-ACAF-0528812D456E}.Debug|Any CPU.Build.0 = Debug|Any CPU
		{232BC0E5-348B-4C48-ACAF-0528812D456E}.Release|Any CPU.ActiveCfg = Release|Any CPU
		{232BC0E5-348B-4C48-ACAF-0528812D456E}.Release|Any CPU.Build.0 = Release|Any CPU
		{951CB77F-0ADB-49DB-8038-D52D6B718039}.Debug|Any CPU.ActiveCfg = Debug|Any CPU
		{951CB77F-0ADB-49DB-8038-D52D6B718039}.Debug|Any CPU.Build.0 = Debug|Any CPU
		{951CB77F-0ADB-49DB-8038-D52D6B718039}.Release|Any CPU.ActiveCfg = Release|Any CPU
		{951CB77F-0ADB-49DB-8038-D52D6B718039}.Release|Any CPU.Build.0 = Release|Any CPU
	EndGlobalSection
	GlobalSection(SolutionProperties) = preSolution
		HideSolutionNode = FALSE
	EndGlobalSection
	GlobalSection(ExtensibilityGlobals) = postSolution
		SolutionGuid = {1C92CE48-B18B-46C2-AA1D-A8A0968BDC39}
	EndGlobalSection
EndGlobal
